lockfileVersion: '9.0'

settings:
  autoInstallPeers: true
  excludeLinksFromLockfile: false

importers:

  .:
    dependencies:
      '@tweenjs/tween.js':
        specifier: ^25.0.0
        version: 25.0.0
      bezier-js:
        specifier: ^6.1.4
        version: 6.1.4
      mathjs:
        specifier: ^14.3.0
        version: 14.3.0
      playwright:
        specifier: ^1.50.1
        version: 1.50.1
      random:
        specifier: ^5.3.0
        version: 5.3.0

packages:

  '@babel/runtime@7.26.9':
    resolution: {integrity: sha512-aA63XwOkcl4xxQa3HjPMqOP6LiK0ZDv3mUPYEFXkpHbaFjtGggE1A61FjFzJnB+p7/oy2gA8E+rcBNl/zC1tMg==}
    engines: {node: '>=6.9.0'}

  '@tweenjs/tween.js@25.0.0':
    resolution: {integrity: sha512-XKLA6syeBUaPzx4j3qwMqzzq+V4uo72BnlbOjmuljLrRqdsd3qnzvZZoxvMHZ23ndsRS4aufU6JOZYpCbU6T1A==}

  bezier-js@6.1.4:
    resolution: {integrity: sha512-PA0FW9ZpcHbojUCMu28z9Vg/fNkwTj5YhusSAjHHDfHDGLxJ6YUKrAN2vk1fP2MMOxVw4Oko16FMlRGVBGqLKg==}

  complex.js@2.4.2:
    resolution: {integrity: sha512-qtx7HRhPGSCBtGiST4/WGHuW+zeaND/6Ld+db6PbrulIB1i2Ev/2UPiqcmpQNPSyfBKraC0EOvOKCB5dGZKt3g==}

  decimal.js@10.5.0:
    resolution: {integrity: sha512-8vDa8Qxvr/+d94hSh5P3IJwI5t8/c0KsMp+g8bNw9cY2icONa5aPfvKeieW1WlG0WQYwwhJ7mjui2xtiePQSXw==}

  escape-latex@1.2.0:
    resolution: {integrity: sha512-nV5aVWW1K0wEiUIEdZ4erkGGH8mDxGyxSeqPzRNtWP7ataw+/olFObw7hujFWlVjNsaDFw5VZ5NzVSIqRgfTiw==}

  fraction.js@5.2.1:
    resolution: {integrity: sha512-Ah6t/7YCYjrPUFUFsOsRLMXAdnYM+aQwmojD2Ayb/Ezr82SwES0vuyQ8qZ3QO8n9j7W14VJuVZZet8U3bhSdQQ==}
    engines: {node: '>= 12'}

  fsevents@2.3.2:
    resolution: {integrity: sha512-xiqMQR4xAeHTuB9uWm+fFRcIOgKBMiOBP+eXiyT7jsgVCq1bkVygt00oASowB7EdtpOHaaPgKt812P9ab+DDKA==}
    engines: {node: ^8.16.0 || ^10.6.0 || >=11.0.0}
    os: [darwin]

  javascript-natural-sort@0.7.1:
    resolution: {integrity: sha512-nO6jcEfZWQXDhOiBtG2KvKyEptz7RVbpGP4vTD2hLBdmNQSsCiicO2Ioinv6UI4y9ukqnBpy+XZ9H6uLNgJTlw==}

  mathjs@14.3.0:
    resolution: {integrity: sha512-kJbTdBp+6OgZewCkvnm8pOWyiel7VGJVEPkmU+NHPdrpqDJlxwX9Q1F2DQv8nq7FrqnvVnJaL4OBQXA/S7TnhQ==}
    engines: {node: '>= 18'}
    hasBin: true

  playwright-core@1.50.1:
    resolution: {integrity: sha512-ra9fsNWayuYumt+NiM069M6OkcRb1FZSK8bgi66AtpFoWkg2+y0bJSNmkFrWhMbEBbVKC/EruAHH3g0zmtwGmQ==}
    engines: {node: '>=18'}
    hasBin: true

  playwright@1.50.1:
    resolution: {integrity: sha512-G8rwsOQJ63XG6BbKj2w5rHeavFjy5zynBA9zsJMMtBoe/Uf757oG12NXz6e6OirF7RCrTVAKFXbLmn1RbL7Qaw==}
    engines: {node: '>=18'}
    hasBin: true

  random@5.3.0:
    resolution: {integrity: sha512-Gm/L+xTpi1V+//XbnTnvRRlSsbHxJv+AeC1RzqaFLbWwXL8m+bvf6iM0+M+yQoAH8dmcWcZHmP/VZtOu5Zk2DQ==}
    engines: {node: '>=18'}

  regenerator-runtime@0.14.1:
    resolution: {integrity: sha512-dYnhHh0nJoMfnkZs6GmmhFknAGRrLznOu5nc9ML+EJxGvrx6H7teuevqVqCuPcPK//3eDrrjQhehXVx9cnkGdw==}

  seedrandom@3.0.5:
    resolution: {integrity: sha512-8OwmbklUNzwezjGInmZ+2clQmExQPvomqjL7LFqOYqtmuxRgQYqOD3mHaU+MvZn5FLUeVxVfQjwLZW/n/JFuqg==}

  tiny-emitter@2.1.0:
    resolution: {integrity: sha512-NB6Dk1A9xgQPMoGqC5CVXn123gWyte215ONT5Pp5a0yt4nlEoO1ZWeCwpncaekPHXO60i47ihFnZPiRPjRMq4Q==}

  typed-function@4.2.1:
    resolution: {integrity: sha512-EGjWssW7Tsk4DGfE+5yluuljS1OGYWiI1J6e8puZz9nTMM51Oug8CD5Zo4gWMsOhq5BI+1bF+rWTm4Vbj3ivRA==}
    engines: {node: '>= 18'}

snapshots:

  '@babel/runtime@7.26.9':
    dependencies:
      regenerator-runtime: 0.14.1

  '@tweenjs/tween.js@25.0.0': {}

  bezier-js@6.1.4: {}

  complex.js@2.4.2: {}

  decimal.js@10.5.0: {}

  escape-latex@1.2.0: {}

  fraction.js@5.2.1: {}

  fsevents@2.3.2:
    optional: true

  javascript-natural-sort@0.7.1: {}

  mathjs@14.3.0:
    dependencies:
      '@babel/runtime': 7.26.9
      complex.js: 2.4.2
      decimal.js: 10.5.0
      escape-latex: 1.2.0
      fraction.js: 5.2.1
      javascript-natural-sort: 0.7.1
      seedrandom: 3.0.5
      tiny-emitter: 2.1.0
      typed-function: 4.2.1

  playwright-core@1.50.1: {}

  playwright@1.50.1:
    dependencies:
      playwright-core: 1.50.1
    optionalDependencies:
      fsevents: 2.3.2

  random@5.3.0: {}

  regenerator-runtime@0.14.1: {}

  seedrandom@3.0.5: {}

  tiny-emitter@2.1.0: {}

  typed-function@4.2.1: {}
